
Microsoft Visual Studio Solution File, Format Version 12.00
# Visual Studio Version 17
VisualStudioVersion = 17.13.35931.197 d17.13
MinimumVisualStudioVersion = 10.0.40219.1
Project("{FAE04EC0-301F-11D3-BF4B-00C04F79EFBC}") = "MenuKonzolon", "MenuKonzolon\MenuKonzolon.csproj", "{71DCA886-03B7-4602-83E0-96A9621F88B0}"
EndProject
Global
	GlobalSection(SolutionConfigurationPlatforms) = preSolution
		Debug|Any CPU = Debug|Any CPU
		Release|Any CPU = Release|Any CPU
	EndGlobalSection
	GlobalSection(ProjectConfigurationPlatforms) = postSolution
		{71DCA886-03B7-4602-83E0-96A9621F88B0}.Debug|Any CPU.ActiveCfg = Debug|Any CPU
		{71DCA886-03B7-4602-83E0-96A9621F88B0}.Debug|Any CPU.Build.0 = Debug|Any CPU
		{71DCA886-03B7-4602-83E0-96A9621F88B0}.Release|Any CPU.ActiveCfg = Release|Any CPU
		{71DCA886-03B7-4602-83E0-96A9621F88B0}.Release|Any CPU.Build.0 = Release|Any CPU
	EndGlobalSection
	GlobalSection(SolutionProperties) = preSolution
		HideSolutionNode = FALSE
	EndGlobalSection
	GlobalSection(ExtensibilityGlobals) = postSolution
		SolutionGuid = {41BF6A6B-3DEF-46B5-8872-C018F8352D31}
	EndGlobalSection
EndGlobal
